{
  "name": "sandstream.github.io",
  "lockfileVersion": 3,
  "requires": true,
  "packages": {
    "": {
      "dependencies": {
        "fitter-happier-text": "^0.0.7"
      }
    },
    "node_modules/fitter-happier-text": {
      "version": "0.0.7",
      "resolved": "https://registry.npmjs.org/fitter-happier-text/-/fitter-happier-text-0.0.7.tgz",
      "integrity": "sha512-OithT6gW0iqai+dcecml9myVQP5mLM+Kq1mM0G3Ya2cTLw8E8Jw+Gxa5GMSsSTZepxBxcyq0gWHe038Xz+0zMg=="
    }
  }
}
